
Microsoft Visual Studio Solution File, Format Version 12.00
# Visual Studio 16
Project("{8BC9CEB8-8B4A-11D0-8D11-00A0C91BC942}") = "osu!trainer", "osu!trainer\osu!trainer.vcxproj", "{92041E33-FEB9-9628-87AE-90FFF3628D2C}"
EndProject
Project("{8BC9CEB8-8B4A-11D0-8D11-00A0C91BC942}") = "Echo", "Echo\Echo.vcxproj", "{A498847C-90CF-850D-39BC-6B1025D2010F}"
EndProject
Project("{8BC9CEB8-8B4A-11D0-8D11-00A0C91BC942}") = "EchoGen", "EchoGen\EchoGen.vcxproj", "{9EC1B8B1-0AA1-374D-13B9-C2237F179EAE}"
EndProject
Project("{8BC9CEB8-8B4A-11D0-8D11-00A0C91BC942}") = "glad", "Echo\vendor\glad\glad.vcxproj", "{DD62977C-C999-980D-7286-7E105E9C140F}"
EndProject
Project("{8BC9CEB8-8B4A-11D0-8D11-00A0C91BC942}") = "glfw", "Echo\vendor\glfw\glfw.vcxproj", "{9563977C-819A-980D-2A87-7E10169D140F}"
EndProject
Project("{8BC9CEB8-8B4A-11D0-8D11-00A0C91BC942}") = "osu!gen", "osu!gen\osu!gen.vcxproj", "{7744DA78-E323-5914-EC3B-E4EA589ABF75}"
EndProject
Global
	GlobalSection(SolutionConfigurationPlatforms) = preSolution
		Debug|x64 = Debug|x64
		Release|x64 = Release|x64
	EndGlobalSection
	GlobalSection(ProjectConfigurationPlatforms) = postSolution
		{92041E33-FEB9-9628-87AE-90FFF3628D2C}.Debug|x64.ActiveCfg = Debug|x64
		{92041E33-FEB9-9628-87AE-90FFF3628D2C}.Debug|x64.Build.0 = Debug|x64
		{92041E33-FEB9-9628-87AE-90FFF3628D2C}.Release|x64.ActiveCfg = Release|x64
		{92041E33-FEB9-9628-87AE-90FFF3628D2C}.Release|x64.Build.0 = Release|x64
		{A498847C-90CF-850D-39BC-6B1025D2010F}.Debug|x64.ActiveCfg = Debug|x64
		{A498847C-90CF-850D-39BC-6B1025D2010F}.Debug|x64.Build.0 = Debug|x64
		{A498847C-90CF-850D-39BC-6B1025D2010F}.Release|x64.ActiveCfg = Release|x64
		{A498847C-90CF-850D-39BC-6B1025D2010F}.Release|x64.Build.0 = Release|x64
		{9EC1B8B1-0AA1-374D-13B9-C2237F179EAE}.Debug|x64.ActiveCfg = Debug|x64
		{9EC1B8B1-0AA1-374D-13B9-C2237F179EAE}.Debug|x64.Build.0 = Debug|x64
		{9EC1B8B1-0AA1-374D-13B9-C2237F179EAE}.Release|x64.ActiveCfg = Release|x64
		{9EC1B8B1-0AA1-374D-13B9-C2237F179EAE}.Release|x64.Build.0 = Release|x64
		{DD62977C-C999-980D-7286-7E105E9C140F}.Debug|x64.ActiveCfg = Debug|x64
		{DD62977C-C999-980D-7286-7E105E9C140F}.Debug|x64.Build.0 = Debug|x64
		{DD62977C-C999-980D-7286-7E105E9C140F}.Release|x64.ActiveCfg = Release|x64
		{DD62977C-C999-980D-7286-7E105E9C140F}.Release|x64.Build.0 = Release|x64
		{9563977C-819A-980D-2A87-7E10169D140F}.Debug|x64.ActiveCfg = Debug|x64
		{9563977C-819A-980D-2A87-7E10169D140F}.Debug|x64.Build.0 = Debug|x64
		{9563977C-819A-980D-2A87-7E10169D140F}.Release|x64.ActiveCfg = Release|x64
		{9563977C-819A-980D-2A87-7E10169D140F}.Release|x64.Build.0 = Release|x64
		{7744DA78-E323-5914-EC3B-E4EA589ABF75}.Debug|x64.ActiveCfg = Debug|x64
		{7744DA78-E323-5914-EC3B-E4EA589ABF75}.Debug|x64.Build.0 = Debug|x64
		{7744DA78-E323-5914-EC3B-E4EA589ABF75}.Release|x64.ActiveCfg = Release|x64
		{7744DA78-E323-5914-EC3B-E4EA589ABF75}.Release|x64.Build.0 = Release|x64
	EndGlobalSection
	GlobalSection(SolutionProperties) = preSolution
		HideSolutionNode = FALSE
	EndGlobalSection
EndGlobal
