<?xml version="1.0" encoding="utf-8"?>
<Project ToolsVersion="4.0" xmlns="http://schemas.microsoft.com/developer/msbuild/2003">
  <ItemGroup>
    <Filter Include="Osu!Trainer">
      <UniqueIdentifier>{b2441f4d-3025-40d6-a6bf-7d9515c62e33}</UniqueIdentifier>
    </Filter>
  </ItemGroup>
  <ItemGroup>
    <ClInclude Include="Osu!Trainer\Source\Buffers\stb\stb_image.h" />
    <ClInclude Include="Osu!Trainer\Source\Buffers\CircleRenderer.h" />
    <ClInclude Include="Osu!Trainer\Source\Buffers\IndexBuffer.h" />
    <ClInclude Include="Osu!Trainer\Source\Buffers\Renderer.h" />
    <ClInclude Include="Osu!Trainer\Source\Buffers\Shader.h" />
    <ClInclude Include="Osu!Trainer\Source\Buffers\Texture.h" />
    <ClInclude Include="Osu!Trainer\Source\Buffers\VertexArray.h" />
    <ClInclude Include="Osu!Trainer\Source\Buffers\VertexBuffer.h" />
    <ClInclude Include="Osu!Trainer\Source\Buffers\VertexBufferLayout.h" />
    <ClInclude Include="Osu!Trainer\Source\Components\Circle.h" />
    <ClInclude Include="Osu!Trainer\Source\Engine\Attribute.h" />
    <ClInclude Include="Osu!Trainer\Source\Engine\Parser.h" />
    <ClInclude Include="Osu!Trainer\Source\Buffers\Macro.h" />
    <ClInclude Include="Osu!Trainer\Source\Components\Core.h" />
    <ClInclude Include="Osu!Trainer\Source\Engine\Color.h" />
    <ClInclude Include="Osu!Trainer\Source\Engine\ObjectFormat.h" />
    <ClInclude Include="Osu!Trainer\Source\Components\Slider.h" />
    <ClInclude Include="Osu!Trainer\Source\Components\Object.h" />
  </ItemGroup>
  <ItemGroup>
    <ClCompile Include="Osu!Trainer\Source\Buffers\CircleRenderer.cpp" />
    <ClCompile Include="Osu!Trainer\Source\Buffers\IndexBuffer.cpp" />
    <ClCompile Include="Osu!Trainer\Source\Buffers\Renderer.cpp" />
    <ClCompile Include="Osu!Trainer\Source\Buffers\Shader.cpp" />
    <ClCompile Include="Osu!Trainer\Source\Buffers\Texture.cpp" />
    <ClCompile Include="Osu!Trainer\Source\Buffers\VertexArray.cpp" />
    <ClCompile Include="Osu!Trainer\Source\Buffers\VertexBuffer.cpp" />
    <ClCompile Include="Osu!Trainer\Source\Components\Circle.cpp" />
    <ClCompile Include="Osu!Trainer\Source\Components\main.cpp" />
    <ClCompile Include="Osu!Trainer\Source\Components\Core.cpp" />
    <ClCompile Include="Osu!Trainer\Source\Components\Slider.cpp" />
    <ClCompile Include="Osu!Trainer\Source\Components\Object.cpp" />
  </ItemGroup>
  <ItemGroup>
    <Text Include="Osu!Trainer\Library\Beatmaps\map.txt" />
  </ItemGroup>
  <ItemGroup>
    <None Include="Osu!Trainer\Documentation\osu!trainer.drawio" />
    <None Include="Osu!Trainer\Documentation\Design.md" />
    <None Include="README.md" />
    <None Include="Documentation\Design.md" />
    <None Include="Documentation\osu!trainer.drawio" />
    <None Include="Osu!Trainer\Source\Shaders\Vertex.shader" />
    <None Include="Osu!Trainer\Source\Shaders\Fragment.shader" />
  </ItemGroup>
  <ItemGroup>
    <Image Include="Osu!Trainer\Library\Textures\thumb.png" />
  </ItemGroup>
</Project>