<?xml version="1.0" encoding="utf-8"?>
<Project ToolsVersion="4.0" xmlns="http://schemas.microsoft.com/developer/msbuild/2003">
  <ItemGroup>
    <Filter Include="EchoGen">
      <UniqueIdentifier>{9EC1B8B1-0AA1-374D-13B9-C2237F179EAE}</UniqueIdentifier>
    </Filter>
  </ItemGroup>
  <ItemGroup>
    <ClInclude Include="src\EchoGen.h" />
    <ClInclude Include="src\EchoGenHeader.h" />
    <ClInclude Include="src\EchoGenCore.h" />
    <ClInclude Include="src\EchoGen\Pattern\PatternList.h">
      <Filter>EchoGen</Filter>
    </ClInclude>
    <ClInclude Include="src\EchoGen\Pattern\Pattern.h">
      <Filter>EchoGen</Filter>
    </ClInclude>
    <ClInclude Include="src\EchoGen\Core\Log.h">
      <Filter>EchoGen</Filter>
    </ClInclude>
    <ClInclude Include="src\EchoGen\Core\Application.h">
      <Filter>EchoGen</Filter>
    </ClInclude>
    <ClInclude Include="src\EchoGen\Core\EntryPoint.h" />
    <ClInclude Include="src\EchoGen\Gen\Generate.h" />
    <ClInclude Include="src\EchoGenSettings.h" />
  </ItemGroup>
  <ItemGroup>
    <ClCompile Include="src\EchoGenHeader.cpp" />
    <ClCompile Include="src\EchoGen\Pattern\Pattern.cpp">
      <Filter>EchoGen</Filter>
    </ClCompile>
    <ClCompile Include="src\EchoGen\Pattern\PatternList.cpp">
      <Filter>EchoGen</Filter>
    </ClCompile>
    <ClCompile Include="src\EchoGen\Core\Application.cpp" />
    <ClCompile Include="src\EchoGen\Gen\Generate.cpp" />
  </ItemGroup>
  <ItemGroup>
    <None Include="src\EchoGenSettings.json" />
  </ItemGroup>
</Project>