<?xml version="1.0" encoding="utf-8"?>
<Project ToolsVersion="4.0" xmlns="http://schemas.microsoft.com/developer/msbuild/2003">
  <ItemGroup>
    <Filter Include="Echo">
      <UniqueIdentifier>{A498847C-90CF-850D-39BC-6B1025D2010F}</UniqueIdentifier>
    </Filter>
    <Filter Include="Echo\buffers">
      <UniqueIdentifier>{40549133-2CB7-20D8-D53C-598EC17EEC5A}</UniqueIdentifier>
    </Filter>
    <Filter Include="Echo\components">
      <UniqueIdentifier>{5973DCDB-C5FE-49A0-CE0F-CD943A1AA6A0}</UniqueIdentifier>
    </Filter>
    <Filter Include="Echo\core">
      <UniqueIdentifier>{9C4F3C01-08BA-F077-51F8-A11DBDA1CECC}</UniqueIdentifier>
    </Filter>
    <Filter Include="Echo\events">
      <UniqueIdentifier>{28B8B046-946D-293C-1D62-231389162040}</UniqueIdentifier>
    </Filter>
    <Filter Include="platform">
      <UniqueIdentifier>{4A63C33C-3630-1E48-5F49-0CF04B7553D6}</UniqueIdentifier>
    </Filter>
    <Filter Include="platform\windows">
      <UniqueIdentifier>{A44FC440-9048-E392-B97A-C817A5D2C29E}</UniqueIdentifier>
    </Filter>
  </ItemGroup>
  <ItemGroup>
    <ClInclude Include="src\Core.h" />
    <ClInclude Include="src\Echo.h" />
    <ClInclude Include="src\Echo\buffers\IndexBuffer.h">
      <Filter>Echo\buffers</Filter>
    </ClInclude>
    <ClInclude Include="src\Echo\buffers\Orthographic.h">
      <Filter>Echo\buffers</Filter>
    </ClInclude>
    <ClInclude Include="src\Echo\buffers\Renderer.h">
      <Filter>Echo\buffers</Filter>
    </ClInclude>
    <ClInclude Include="src\Echo\buffers\Shader.h">
      <Filter>Echo\buffers</Filter>
    </ClInclude>
    <ClInclude Include="src\Echo\buffers\Texture.h">
      <Filter>Echo\buffers</Filter>
    </ClInclude>
    <ClInclude Include="src\Echo\buffers\VertexArray.h">
      <Filter>Echo\buffers</Filter>
    </ClInclude>
    <ClInclude Include="src\Echo\buffers\VertexBuffer.h">
      <Filter>Echo\buffers</Filter>
    </ClInclude>
    <ClInclude Include="src\Echo\buffers\VertexLayout.h">
      <Filter>Echo\buffers</Filter>
    </ClInclude>
    <ClInclude Include="src\Echo\components\MultibeatObject.h">
      <Filter>Echo\components</Filter>
    </ClInclude>
    <ClInclude Include="src\Echo\components\Object.h">
      <Filter>Echo\components</Filter>
    </ClInclude>
    <ClInclude Include="src\Echo\components\ObjectComponent.h">
      <Filter>Echo\components</Filter>
    </ClInclude>
    <ClInclude Include="src\Echo\components\Parser.h">
      <Filter>Echo\components</Filter>
    </ClInclude>
    <ClInclude Include="src\Echo\components\RenderElement.h">
      <Filter>Echo\components</Filter>
    </ClInclude>
    <ClInclude Include="src\Echo\components\Scoring.h">
      <Filter>Echo\components</Filter>
    </ClInclude>
    <ClInclude Include="src\Echo\components\Timing.h">
      <Filter>Echo\components</Filter>
    </ClInclude>
    <ClInclude Include="src\Echo\core\Application.h">
      <Filter>Echo\core</Filter>
    </ClInclude>
    <ClInclude Include="src\Echo\core\Container.h">
      <Filter>Echo\core</Filter>
    </ClInclude>
    <ClInclude Include="src\Echo\core\EntryPoint.h">
      <Filter>Echo\core</Filter>
    </ClInclude>
    <ClInclude Include="src\Echo\core\Layer.h">
      <Filter>Echo\core</Filter>
    </ClInclude>
    <ClInclude Include="src\Echo\core\LayerStack.h">
      <Filter>Echo\core</Filter>
    </ClInclude>
    <ClInclude Include="src\Echo\core\Log.h">
      <Filter>Echo\core</Filter>
    </ClInclude>
    <ClInclude Include="src\Echo\core\ShaderList.h">
      <Filter>Echo\core</Filter>
    </ClInclude>
    <ClInclude Include="src\Echo\core\Window.h">
      <Filter>Echo\core</Filter>
    </ClInclude>
    <ClInclude Include="src\Echo\events\ApplicationEvent.h">
      <Filter>Echo\events</Filter>
    </ClInclude>
    <ClInclude Include="src\Echo\events\Event.h">
      <Filter>Echo\events</Filter>
    </ClInclude>
    <ClInclude Include="src\Echo\events\KeyboardEvent.h">
      <Filter>Echo\events</Filter>
    </ClInclude>
    <ClInclude Include="src\Echo\events\MouseEvent.h">
      <Filter>Echo\events</Filter>
    </ClInclude>
    <ClInclude Include="src\EchoHeader.h" />
    <ClInclude Include="src\Settings.h" />
    <ClInclude Include="src\platform\windows\WindowsWindow.h">
      <Filter>platform\windows</Filter>
    </ClInclude>
  </ItemGroup>
  <ItemGroup>
    <ClCompile Include="src\Echo\buffers\IndexBuffer.cpp">
      <Filter>Echo\buffers</Filter>
    </ClCompile>
    <ClCompile Include="src\Echo\buffers\Orthographic.cpp">
      <Filter>Echo\buffers</Filter>
    </ClCompile>
    <ClCompile Include="src\Echo\buffers\Shader.cpp">
      <Filter>Echo\buffers</Filter>
    </ClCompile>
    <ClCompile Include="src\Echo\buffers\Texture.cpp">
      <Filter>Echo\buffers</Filter>
    </ClCompile>
    <ClCompile Include="src\Echo\buffers\VertexArray.cpp">
      <Filter>Echo\buffers</Filter>
    </ClCompile>
    <ClCompile Include="src\Echo\buffers\VertexBuffer.cpp">
      <Filter>Echo\buffers</Filter>
    </ClCompile>
    <ClCompile Include="src\Echo\components\MultibeatObject.cpp">
      <Filter>Echo\components</Filter>
    </ClCompile>
    <ClCompile Include="src\Echo\components\Object.cpp">
      <Filter>Echo\components</Filter>
    </ClCompile>
    <ClCompile Include="src\Echo\components\Parser.cpp">
      <Filter>Echo\components</Filter>
    </ClCompile>
    <ClCompile Include="src\Echo\components\RenderElement.cpp">
      <Filter>Echo\components</Filter>
    </ClCompile>
    <ClCompile Include="src\Echo\components\Scoring.cpp">
      <Filter>Echo\components</Filter>
    </ClCompile>
    <ClCompile Include="src\Echo\components\Timing.cpp">
      <Filter>Echo\components</Filter>
    </ClCompile>
    <ClCompile Include="src\Echo\core\Application.cpp">
      <Filter>Echo\core</Filter>
    </ClCompile>
    <ClCompile Include="src\Echo\core\Container.cpp">
      <Filter>Echo\core</Filter>
    </ClCompile>
    <ClCompile Include="src\Echo\core\LayerStack.cpp">
      <Filter>Echo\core</Filter>
    </ClCompile>
    <ClCompile Include="src\EchoHeader.cpp" />
    <ClCompile Include="src\platform\windows\WindowsWindow.cpp">
      <Filter>platform\windows</Filter>
    </ClCompile>
  </ItemGroup>
</Project>