<?xml version="1.0" encoding="utf-8"?>
<Project ToolsVersion="4.0" xmlns="http://schemas.microsoft.com/developer/msbuild/2003">
  <ItemGroup>
    <Filter Include="components">
      <UniqueIdentifier>{8BA12798-7759-69E5-E060-4241CC3704D6}</UniqueIdentifier>
    </Filter>
    <Filter Include="core">
      <UniqueIdentifier>{4E40957C-3A77-960D-E363-7C10CF79120F}</UniqueIdentifier>
    </Filter>
  </ItemGroup>
  <ItemGroup>
    <ClInclude Include="src\osu!trainer.h" />
    <ClInclude Include="src\core\GameplayLayer.h" />
    <ClInclude Include="src\core\StoryboardLayer.h" />
    <ClInclude Include="src\components\OsuScoring.h" />
    <ClInclude Include="src\components\slider\SliderParser.h" />
    <ClInclude Include="src\components\slider\Slider.h" />
    <ClInclude Include="src\components\slider\SliderComponent.h" />
    <ClInclude Include="src\components\element\CircleRenderElement.h" />
    <ClInclude Include="src\components\element\BezierSliderRenderElement.h" />
    <ClInclude Include="src\components\circle\CircleParser.h" />
    <ClInclude Include="src\components\circle\Circle.h" />
    <ClInclude Include="src\components\circle\CircleComponent.h" />
  </ItemGroup>
  <ItemGroup>
    <ClCompile Include="src\osu!trainer.cpp" />
    <ClCompile Include="src\core\GameplayLayer.cpp" />
    <ClCompile Include="src\core\StoryboardLayer.cpp" />
    <ClCompile Include="src\components\OsuScoring.cpp" />
    <ClCompile Include="src\components\slider\SliderParser.cpp" />
    <ClCompile Include="src\components\slider\Slider.cpp" />
    <ClCompile Include="src\components\slider\SliderComponent.cpp" />
    <ClCompile Include="src\components\element\BezierSliderRenderElement.cpp" />
    <ClCompile Include="src\components\element\CircleRenderElement.cpp" />
    <ClCompile Include="src\components\circle\Circle.cpp" />
    <ClCompile Include="src\components\circle\CircleComponent.cpp" />
    <ClCompile Include="src\components\circle\CircleParser.cpp" />
  </ItemGroup>
</Project>