<?xml version="1.0" encoding="utf-8"?>
<Project ToolsVersion="4.0" xmlns="http://schemas.microsoft.com/developer/msbuild/2003">
  <ItemGroup>
    <Filter Include="components">
      <UniqueIdentifier>{8BA12798-7759-69E5-E060-4241CC3704D6}</UniqueIdentifier>
    </Filter>
    <Filter Include="core">
      <UniqueIdentifier>{4E40957C-3A77-960D-E363-7C10CF79120F}</UniqueIdentifier>
    </Filter>
  </ItemGroup>
  <ItemGroup>
    <ClInclude Include="src\components\Circle.h">
      <Filter>components</Filter>
    </ClInclude>
    <ClInclude Include="src\components\CircleComponent.h">
      <Filter>components</Filter>
    </ClInclude>
    <ClInclude Include="src\components\CircleParser.h">
      <Filter>components</Filter>
    </ClInclude>
    <ClInclude Include="src\components\CircleRenderElement.h">
      <Filter>components</Filter>
    </ClInclude>
    <ClInclude Include="src\components\OsuScoring.h">
      <Filter>components</Filter>
    </ClInclude>
    <ClInclude Include="src\components\Slider.h">
      <Filter>components</Filter>
    </ClInclude>
    <ClInclude Include="src\core\GameplayLayer.h">
      <Filter>core</Filter>
    </ClInclude>
    <ClInclude Include="src\core\StoryboardLayer.h">
      <Filter>core</Filter>
    </ClInclude>
    <ClInclude Include="src\osu!trainer.h" />
    <ClInclude Include="src\components\SliderParser.h" />
    <ClInclude Include="src\components\BezierSliderRenderElement.h" />
    <ClInclude Include="src\components\SliderComponent.h" />
  </ItemGroup>
  <ItemGroup>
    <ClCompile Include="src\components\Circle.cpp">
      <Filter>components</Filter>
    </ClCompile>
    <ClCompile Include="src\components\CircleComponent.cpp">
      <Filter>components</Filter>
    </ClCompile>
    <ClCompile Include="src\components\CircleRenderElement.cpp">
      <Filter>components</Filter>
    </ClCompile>
    <ClCompile Include="src\components\OsuScoring.cpp">
      <Filter>components</Filter>
    </ClCompile>
    <ClCompile Include="src\components\Slider.cpp">
      <Filter>components</Filter>
    </ClCompile>
    <ClCompile Include="src\core\GameplayLayer.cpp">
      <Filter>core</Filter>
    </ClCompile>
    <ClCompile Include="src\core\StoryboardLayer.cpp">
      <Filter>core</Filter>
    </ClCompile>
    <ClCompile Include="src\osu!trainer.cpp" />
    <ClCompile Include="src\components\BezierSliderRenderElement.cpp" />
    <ClCompile Include="src\components\SliderComponent.cpp" />
  </ItemGroup>
</Project>